
Microsoft Visual Studio Solution File, Format Version 12.00
# Visual Studio Version 17
VisualStudioVersion = 17.2.32616.157
MinimumVisualStudioVersion = 10.0.40219.1
Project("{FAE04EC0-301F-11D3-BF4B-00C04F79EFBC}") = "SifreKontrolOdev", "SifreKontrolOdev\SifreKontrolOdev.csproj", "{B4515AF9-089C-47CA-88C8-0AD204C26515}"
EndProject
Global
	GlobalSection(SolutionConfigurationPlatforms) = preSolution
		Debug|Any CPU = Debug|Any CPU
		Release|Any CPU = Release|Any CPU
	EndGlobalSection
	GlobalSection(ProjectConfigurationPlatforms) = postSolution
		{B4515AF9-089C-47CA-88C8-0AD204C26515}.Debug|Any CPU.ActiveCfg = Debug|Any CPU
		{B4515AF9-089C-47CA-88C8-0AD204C26515}.Debug|Any CPU.Build.0 = Debug|Any CPU
		{B4515AF9-089C-47CA-88C8-0AD204C26515}.Release|Any CPU.ActiveCfg = Release|Any CPU
		{B4515AF9-089C-47CA-88C8-0AD204C26515}.Release|Any CPU.Build.0 = Release|Any CPU
	EndGlobalSection
	GlobalSection(SolutionProperties) = preSolution
		HideSolutionNode = FALSE
	EndGlobalSection
	GlobalSection(ExtensibilityGlobals) = postSolution
		SolutionGuid = {15A1FBAB-A96D-4A4E-B534-74E4BE06CF95}
	EndGlobalSection
EndGlobal
